// !$*UTF8*$!
{
	archiveVersion = 1;
	classes = {
	};
	objectVersion = 56;
	objects = {

/* Begin PBXBuildFile section */
		B24AD79A2B16580500285D1E /* ScheduleViewMon.swift in Sources */ = {isa = PBXBuildFile; fileRef = B24AD7992B16580500285D1E /* ScheduleViewMon.swift */; };
		B24AD79D2B1670AB00285D1E /* ScheduleViewTue.swift in Sources */ = {isa = PBXBuildFile; fileRef = B24AD79C2B1670AB00285D1E /* ScheduleViewTue.swift */; };
		B24AD7A12B16F7ED00285D1E /* ScheduleViewWed.swift in Sources */ = {isa = PBXBuildFile; fileRef = B24AD7A02B16F7ED00285D1E /* ScheduleViewWed.swift */; };
		B24AD7A32B16FE2000285D1E /* ScheduleViewThurs.swift in Sources */ = {isa = PBXBuildFile; fileRef = B24AD7A22B16FE2000285D1E /* ScheduleViewThurs.swift */; };
		B24AD7A52B16FE7600285D1E /* ScheduleViewFri.swift in Sources */ = {isa = PBXBuildFile; fileRef = B24AD7A42B16FE7600285D1E /* ScheduleViewFri.swift */; };
		B24AD7A72B16FE9C00285D1E /* ScheduleViewSat.swift in Sources */ = {isa = PBXBuildFile; fileRef = B24AD7A62B16FE9C00285D1E /* ScheduleViewSat.swift */; };
		B24AD7A92B16FEAC00285D1E /* ScheduleViewSun.swift in Sources */ = {isa = PBXBuildFile; fileRef = B24AD7A82B16FEAC00285D1E /* ScheduleViewSun.swift */; };
		B2EDFFB02B162A1C007A9C71 /* GymAppApp.swift in Sources */ = {isa = PBXBuildFile; fileRef = B2EDFFAF2B162A1C007A9C71 /* GymAppApp.swift */; };
		B2EDFFB22B162A1C007A9C71 /* ContentView.swift in Sources */ = {isa = PBXBuildFile; fileRef = B2EDFFB12B162A1C007A9C71 /* ContentView.swift */; };
		B2EDFFB42B162A1E007A9C71 /* Assets.xcassets in Resources */ = {isa = PBXBuildFile; fileRef = B2EDFFB32B162A1E007A9C71 /* Assets.xcassets */; };
		B2EDFFB72B162A1E007A9C71 /* Preview Assets.xcassets in Resources */ = {isa = PBXBuildFile; fileRef = B2EDFFB62B162A1E007A9C71 /* Preview Assets.xcassets */; };
		B2EDFFC02B162E42007A9C71 /* SplashScreen.swift in Sources */ = {isa = PBXBuildFile; fileRef = B2EDFFBF2B162E42007A9C71 /* SplashScreen.swift */; };
		B2EDFFDC2B163F17007A9C71 /* WorkoutView.swift in Sources */ = {isa = PBXBuildFile; fileRef = B2EDFFDB2B163F17007A9C71 /* WorkoutView.swift */; };
/* End PBXBuildFile section */

/* Begin PBXFileReference section */
		B24AD7992B16580500285D1E /* ScheduleViewMon.swift */ = {isa = PBXFileReference; lastKnownFileType = sourcecode.swift; path = ScheduleViewMon.swift; sourceTree = "<group>"; };
		B24AD79C2B1670AB00285D1E /* ScheduleViewTue.swift */ = {isa = PBXFileReference; lastKnownFileType = sourcecode.swift; path = ScheduleViewTue.swift; sourceTree = "<group>"; };
		B24AD7A02B16F7ED00285D1E /* ScheduleViewWed.swift */ = {isa = PBXFileReference; lastKnownFileType = sourcecode.swift; path = ScheduleViewWed.swift; sourceTree = "<group>"; };
		B24AD7A22B16FE2000285D1E /* ScheduleViewThurs.swift */ = {isa = PBXFileReference; lastKnownFileType = sourcecode.swift; path = ScheduleViewThurs.swift; sourceTree = "<group>"; };
		B24AD7A42B16FE7600285D1E /* ScheduleViewFri.swift */ = {isa = PBXFileReference; lastKnownFileType = sourcecode.swift; path = ScheduleViewFri.swift; sourceTree = "<group>"; };
		B24AD7A62B16FE9C00285D1E /* ScheduleViewSat.swift */ = {isa = PBXFileReference; lastKnownFileType = sourcecode.swift; path = ScheduleViewSat.swift; sourceTree = "<group>"; };
		B24AD7A82B16FEAC00285D1E /* ScheduleViewSun.swift */ = {isa = PBXFileReference; lastKnownFileType = sourcecode.swift; path = ScheduleViewSun.swift; sourceTree = "<group>"; };
		B2EDFFAC2B162A1C007A9C71 /* GymApp.app */ = {isa = PBXFileReference; explicitFileType = wrapper.application; includeInIndex = 0; path = GymApp.app; sourceTree = BUILT_PRODUCTS_DIR; };
		B2EDFFAF2B162A1C007A9C71 /* GymAppApp.swift */ = {isa = PBXFileReference; lastKnownFileType = sourcecode.swift; path = GymAppApp.swift; sourceTree = "<group>"; };
		B2EDFFB12B162A1C007A9C71 /* ContentView.swift */ = {isa = PBXFileReference; lastKnownFileType = sourcecode.swift; path = ContentView.swift; sourceTree = "<group>"; };
		B2EDFFB32B162A1E007A9C71 /* Assets.xcassets */ = {isa = PBXFileReference; lastKnownFileType = folder.assetcatalog; path = Assets.xcassets; sourceTree = "<group>"; };
		B2EDFFB62B162A1E007A9C71 /* Preview Assets.xcassets */ = {isa = PBXFileReference; lastKnownFileType = folder.assetcatalog; path = "Preview Assets.xcassets"; sourceTree = "<group>"; };
		B2EDFFBF2B162E42007A9C71 /* SplashScreen.swift */ = {isa = PBXFileReference; lastKnownFileType = sourcecode.swift; path = SplashScreen.swift; sourceTree = "<group>"; };
		B2EDFFDB2B163F17007A9C71 /* WorkoutView.swift */ = {isa = PBXFileReference; lastKnownFileType = sourcecode.swift; path = WorkoutView.swift; sourceTree = "<group>"; };
/* End PBXFileReference section */

/* Begin PBXFrameworksBuildPhase section */
		B2EDFFA92B162A1C007A9C71 /* Frameworks */ = {
			isa = PBXFrameworksBuildPhase;
			buildActionMask = 2147483647;
			files = (
			);
			runOnlyForDeploymentPostprocessing = 0;
		};
/* End PBXFrameworksBuildPhase section */

/* Begin PBXGroup section */
		B24AD79B2B16622C00285D1E /* Schedules */ = {
			isa = PBXGroup;
			children = (
				B24AD7992B16580500285D1E /* ScheduleViewMon.swift */,
				B24AD79C2B1670AB00285D1E /* ScheduleViewTue.swift */,
				B24AD7A02B16F7ED00285D1E /* ScheduleViewWed.swift */,
				B24AD7A22B16FE2000285D1E /* ScheduleViewThurs.swift */,
				B24AD7A42B16FE7600285D1E /* ScheduleViewFri.swift */,
				B24AD7A62B16FE9C00285D1E /* ScheduleViewSat.swift */,
				B24AD7A82B16FEAC00285D1E /* ScheduleViewSun.swift */,
			);
			path = Schedules;
			sourceTree = "<group>";
		};
		B2EDFFA32B162A1C007A9C71 = {
			isa = PBXGroup;
			children = (
				B2EDFFAE2B162A1C007A9C71 /* GymApp */,
				B2EDFFAD2B162A1C007A9C71 /* Products */,
			);
			sourceTree = "<group>";
		};
		B2EDFFAD2B162A1C007A9C71 /* Products */ = {
			isa = PBXGroup;
			children = (
				B2EDFFAC2B162A1C007A9C71 /* GymApp.app */,
			);
			name = Products;
			sourceTree = "<group>";
		};
		B2EDFFAE2B162A1C007A9C71 /* GymApp */ = {
			isa = PBXGroup;
			children = (
				B2EDFFAF2B162A1C007A9C71 /* GymAppApp.swift */,
				B2EDFFBF2B162E42007A9C71 /* SplashScreen.swift */,
				B2EDFFB12B162A1C007A9C71 /* ContentView.swift */,
				B2EDFFDB2B163F17007A9C71 /* WorkoutView.swift */,
				B24AD79B2B16622C00285D1E /* Schedules */,
				B2EDFFB32B162A1E007A9C71 /* Assets.xcassets */,
				B2EDFFB52B162A1E007A9C71 /* Preview Content */,
			);
			path = GymApp;
			sourceTree = "<group>";
		};
		B2EDFFB52B162A1E007A9C71 /* Preview Content */ = {
			isa = PBXGroup;
			children = (
				B2EDFFB62B162A1E007A9C71 /* Preview Assets.xcassets */,
			);
			path = "Preview Content";
			sourceTree = "<group>";
		};
/* End PBXGroup section */

/* Begin PBXNativeTarget section */
		B2EDFFAB2B162A1C007A9C71 /* GymApp */ = {
			isa = PBXNativeTarget;
			buildConfigurationList = B2EDFFBA2B162A1E007A9C71 /* Build configuration list for PBXNativeTarget "GymApp" */;
			buildPhases = (
				B2EDFFA82B162A1C007A9C71 /* Sources */,
				B2EDFFA92B162A1C007A9C71 /* Frameworks */,
				B2EDFFAA2B162A1C007A9C71 /* Resources */,
			);
			buildRules = (
			);
			dependencies = (
			);
			name = GymApp;
			productName = GymApp;
			productReference = B2EDFFAC2B162A1C007A9C71 /* GymApp.app */;
			productType = "com.apple.product-type.application";
		};
/* End PBXNativeTarget section */

/* Begin PBXProject section */
		B2EDFFA42B162A1C007A9C71 /* Project object */ = {
			isa = PBXProject;
			attributes = {
				BuildIndependentTargetsInParallel = 1;
				LastSwiftUpdateCheck = 1500;
				LastUpgradeCheck = 1500;
				TargetAttributes = {
					B2EDFFAB2B162A1C007A9C71 = {
						CreatedOnToolsVersion = 15.0.1;
					};
				};
			};
			buildConfigurationList = B2EDFFA72B162A1C007A9C71 /* Build configuration list for PBXProject "GymApp" */;
			compatibilityVersion = "Xcode 14.0";
			developmentRegion = en;
			hasScannedForEncodings = 0;
			knownRegions = (
				en,
				Base,
			);
			mainGroup = B2EDFFA32B162A1C007A9C71;
			productRefGroup = B2EDFFAD2B162A1C007A9C71 /* Products */;
			projectDirPath = "";
			projectRoot = "";
			targets = (
				B2EDFFAB2B162A1C007A9C71 /* GymApp */,
			);
		};
/* End PBXProject section */

/* Begin PBXResourcesBuildPhase section */
		B2EDFFAA2B162A1C007A9C71 /* Resources */ = {
			isa = PBXResourcesBuildPhase;
			buildActionMask = 2147483647;
			files = (
				B2EDFFB72B162A1E007A9C71 /* Preview Assets.xcassets in Resources */,
				B2EDFFB42B162A1E007A9C71 /* Assets.xcassets in Resources */,
			);
			runOnlyForDeploymentPostprocessing = 0;
		};
/* End PBXResourcesBuildPhase section */

/* Begin PBXSourcesBuildPhase section */
		B2EDFFA82B162A1C007A9C71 /* Sources */ = {
			isa = PBXSourcesBuildPhase;
			buildActionMask = 2147483647;
			files = (
				B24AD7A32B16FE2000285D1E /* ScheduleViewThurs.swift in Sources */,
				B24AD79A2B16580500285D1E /* ScheduleViewMon.swift in Sources */,
				B2EDFFC02B162E42007A9C71 /* SplashScreen.swift in Sources */,
				B24AD7A12B16F7ED00285D1E /* ScheduleViewWed.swift in Sources */,
				B24AD79D2B1670AB00285D1E /* ScheduleViewTue.swift in Sources */,
				B2EDFFB22B162A1C007A9C71 /* ContentView.swift in Sources */,
				B24AD7A72B16FE9C00285D1E /* ScheduleViewSat.swift in Sources */,
				B24AD7A92B16FEAC00285D1E /* ScheduleViewSun.swift in Sources */,
				B2EDFFDC2B163F17007A9C71 /* WorkoutView.swift in Sources */,
				B2EDFFB02B162A1C007A9C71 /* GymAppApp.swift in Sources */,
				B24AD7A52B16FE7600285D1E /* ScheduleViewFri.swift in Sources */,
			);
			runOnlyForDeploymentPostprocessing = 0;
		};
/* End PBXSourcesBuildPhase section */

/* Begin XCBuildConfiguration section */
		B2EDFFB82B162A1E007A9C71 /* Debug */ = {
			isa = XCBuildConfiguration;
			buildSettings = {
				ALWAYS_SEARCH_USER_PATHS = NO;
				ASSETCATALOG_COMPILER_GENERATE_SWIFT_ASSET_SYMBOL_EXTENSIONS = YES;
				CLANG_ANALYZER_NONNULL = YES;
				CLANG_ANALYZER_NUMBER_OBJECT_CONVERSION = YES_AGGRESSIVE;
				CLANG_CXX_LANGUAGE_STANDARD = "gnu++20";
				CLANG_ENABLE_MODULES = YES;
				CLANG_ENABLE_OBJC_ARC = YES;
				CLANG_ENABLE_OBJC_WEAK = YES;
				CLANG_WARN_BLOCK_CAPTURE_AUTORELEASING = YES;
				CLANG_WARN_BOOL_CONVERSION = YES;
				CLANG_WARN_COMMA = YES;
				CLANG_WARN_CONSTANT_CONVERSION = YES;
				CLANG_WARN_DEPRECATED_OBJC_IMPLEMENTATIONS = YES;
				CLANG_WARN_DIRECT_OBJC_ISA_USAGE = YES_ERROR;
				CLANG_WARN_DOCUMENTATION_COMMENTS = YES;
				CLANG_WARN_EMPTY_BODY = YES;
				CLANG_WARN_ENUM_CONVERSION = YES;
				CLANG_WARN_INFINITE_RECURSION = YES;
				CLANG_WARN_INT_CONVERSION = YES;
				CLANG_WARN_NON_LITERAL_NULL_CONVERSION = YES;
				CLANG_WARN_OBJC_IMPLICIT_RETAIN_SELF = YES;
				CLANG_WARN_OBJC_LITERAL_CONVERSION = YES;
				CLANG_WARN_OBJC_ROOT_CLASS = YES_ERROR;
				CLANG_WARN_QUOTED_INCLUDE_IN_FRAMEWORK_HEADER = YES;
				CLANG_WARN_RANGE_LOOP_ANALYSIS = YES;
				CLANG_WARN_STRICT_PROTOTYPES = YES;
				CLANG_WARN_SUSPICIOUS_MOVE = YES;
				CLANG_WARN_UNGUARDED_AVAILABILITY = YES_AGGRESSIVE;
				CLANG_WARN_UNREACHABLE_CODE = YES;
				CLANG_WARN__DUPLICATE_METHOD_MATCH = YES;
				COPY_PHASE_STRIP = NO;
				DEBUG_INFORMATION_FORMAT = dwarf;
				ENABLE_STRICT_OBJC_MSGSEND = YES;
				ENABLE_TESTABILITY = YES;
				ENABLE_USER_SCRIPT_SANDBOXING = YES;
				GCC_C_LANGUAGE_STANDARD = gnu17;
				GCC_DYNAMIC_NO_PIC = NO;
				GCC_NO_COMMON_BLOCKS = YES;
				GCC_OPTIMIZATION_LEVEL = 0;
				GCC_PREPROCESSOR_DEFINITIONS = (
					"DEBUG=1",
					"$(inherited)",
				);
				GCC_WARN_64_TO_32_BIT_CONVERSION = YES;
				GCC_WARN_ABOUT_RETURN_TYPE = YES_ERROR;
				GCC_WARN_UNDECLARED_SELECTOR = YES;
				GCC_WARN_UNINITIALIZED_AUTOS = YES_AGGRESSIVE;
				GCC_WARN_UNUSED_FUNCTION = YES;
				GCC_WARN_UNUSED_VARIABLE = YES;
				IPHONEOS_DEPLOYMENT_TARGET = 17.0;
				LOCALIZATION_PREFERS_STRING_CATALOGS = YES;
				MTL_ENABLE_DEBUG_INFO = INCLUDE_SOURCE;
				MTL_FAST_MATH = YES;
				ONLY_ACTIVE_ARCH = YES;
				SDKROOT = iphoneos;
				SWIFT_ACTIVE_COMPILATION_CONDITIONS = "DEBUG $(inherited)";
				SWIFT_OPTIMIZATION_LEVEL = "-Onone";
			};
			name = Debug;
		};
		B2EDFFB92B162A1E007A9C71 /* Release */ = {
			isa = XCBuildConfiguration;
			buildSettings = {
				ALWAYS_SEARCH_USER_PATHS = NO;
				ASSETCATALOG_COMPILER_GENERATE_SWIFT_ASSET_SYMBOL_EXTENSIONS = YES;
				CLANG_ANALYZER_NONNULL = YES;
				CLANG_ANALYZER_NUMBER_OBJECT_CONVERSION = YES_AGGRESSIVE;
				CLANG_CXX_LANGUAGE_STANDARD = "gnu++20";
				CLANG_ENABLE_MODULES = YES;
				CLANG_ENABLE_OBJC_ARC = YES;
				CLANG_ENABLE_OBJC_WEAK = YES;
				CLANG_WARN_BLOCK_CAPTURE_AUTORELEASING = YES;
				CLANG_WARN_BOOL_CONVERSION = YES;
				CLANG_WARN_COMMA = YES;
				CLANG_WARN_CONSTANT_CONVERSION = YES;
				CLANG_WARN_DEPRECATED_OBJC_IMPLEMENTATIONS = YES;
				CLANG_WARN_DIRECT_OBJC_ISA_USAGE = YES_ERROR;
				CLANG_WARN_DOCUMENTATION_COMMENTS = YES;
				CLANG_WARN_EMPTY_BODY = YES;
				CLANG_WARN_ENUM_CONVERSION = YES;
				CLANG_WARN_INFINITE_RECURSION = YES;
				CLANG_WARN_INT_CONVERSION = YES;
				CLANG_WARN_NON_LITERAL_NULL_CONVERSION = YES;
				CLANG_WARN_OBJC_IMPLICIT_RETAIN_SELF = YES;
				CLANG_WARN_OBJC_LITERAL_CONVERSION = YES;
				CLANG_WARN_OBJC_ROOT_CLASS = YES_ERROR;
				CLANG_WARN_QUOTED_INCLUDE_IN_FRAMEWORK_HEADER = YES;
				CLANG_WARN_RANGE_LOOP_ANALYSIS = YES;
				CLANG_WARN_STRICT_PROTOTYPES = YES;
				CLANG_WARN_SUSPICIOUS_MOVE = YES;
				CLANG_WARN_UNGUARDED_AVAILABILITY = YES_AGGRESSIVE;
				CLANG_WARN_UNREACHABLE_CODE = YES;
				CLANG_WARN__DUPLICATE_METHOD_MATCH = YES;
				COPY_PHASE_STRIP = NO;
				DEBUG_INFORMATION_FORMAT = "dwarf-with-dsym";
				ENABLE_NS_ASSERTIONS = NO;
				ENABLE_STRICT_OBJC_MSGSEND = YES;
				ENABLE_USER_SCRIPT_SANDBOXING = YES;
				GCC_C_LANGUAGE_STANDARD = gnu17;
				GCC_NO_COMMON_BLOCKS = YES;
				GCC_WARN_64_TO_32_BIT_CONVERSION = YES;
				GCC_WARN_ABOUT_RETURN_TYPE = YES_ERROR;
				GCC_WARN_UNDECLARED_SELECTOR = YES;
				GCC_WARN_UNINITIALIZED_AUTOS = YES_AGGRESSIVE;
				GCC_WARN_UNUSED_FUNCTION = YES;
				GCC_WARN_UNUSED_VARIABLE = YES;
				IPHONEOS_DEPLOYMENT_TARGET = 17.0;
				LOCALIZATION_PREFERS_STRING_CATALOGS = YES;
				MTL_ENABLE_DEBUG_INFO = NO;
				MTL_FAST_MATH = YES;
				SDKROOT = iphoneos;
				SWIFT_COMPILATION_MODE = wholemodule;
				VALIDATE_PRODUCT = YES;
			};
			name = Release;
		};
		B2EDFFBB2B162A1E007A9C71 /* Debug */ = {
			isa = XCBuildConfiguration;
			buildSettings = {
				ASSETCATALOG_COMPILER_APPICON_NAME = AppIcon;
				ASSETCATALOG_COMPILER_GLOBAL_ACCENT_COLOR_NAME = AccentColor;
				CODE_SIGN_STYLE = Automatic;
				CURRENT_PROJECT_VERSION = 1;
				DEVELOPMENT_ASSET_PATHS = "\"GymApp/Preview Content\"";
				DEVELOPMENT_TEAM = 6PJQ9ESEPR;
				ENABLE_PREVIEWS = YES;
				GENERATE_INFOPLIST_FILE = YES;
				INFOPLIST_KEY_UIApplicationSceneManifest_Generation = YES;
				INFOPLIST_KEY_UIApplicationSupportsIndirectInputEvents = YES;
				INFOPLIST_KEY_UILaunchScreen_Generation = YES;
				INFOPLIST_KEY_UISupportedInterfaceOrientations_iPad = "UIInterfaceOrientationPortrait UIInterfaceOrientationPortraitUpsideDown UIInterfaceOrientationLandscapeLeft UIInterfaceOrientationLandscapeRight";
				INFOPLIST_KEY_UISupportedInterfaceOrientations_iPhone = "UIInterfaceOrientationPortrait UIInterfaceOrientationLandscapeLeft UIInterfaceOrientationLandscapeRight";
				LD_RUNPATH_SEARCH_PATHS = (
					"$(inherited)",
					"@executable_path/Frameworks",
				);
				MARKETING_VERSION = 1.0;
				PRODUCT_BUNDLE_IDENTIFIER = com.sumudu.GymApp;
				PRODUCT_NAME = "$(TARGET_NAME)";
				SWIFT_EMIT_LOC_STRINGS = YES;
				SWIFT_VERSION = 5.0;
				TARGETED_DEVICE_FAMILY = "1,2";
			};
			name = Debug;
		};
		B2EDFFBC2B162A1E007A9C71 /* Release */ = {
			isa = XCBuildConfiguration;
			buildSettings = {
				ASSETCATALOG_COMPILER_APPICON_NAME = AppIcon;
				ASSETCATALOG_COMPILER_GLOBAL_ACCENT_COLOR_NAME = AccentColor;
				CODE_SIGN_STYLE = Automatic;
				CURRENT_PROJECT_VERSION = 1;
				DEVELOPMENT_ASSET_PATHS = "\"GymApp/Preview Content\"";
				DEVELOPMENT_TEAM = 6PJQ9ESEPR;
				ENABLE_PREVIEWS = YES;
				GENERATE_INFOPLIST_FILE = YES;
				INFOPLIST_KEY_UIApplicationSceneManifest_Generation = YES;
				INFOPLIST_KEY_UIApplicationSupportsIndirectInputEvents = YES;
				INFOPLIST_KEY_UILaunchScreen_Generation = YES;
				INFOPLIST_KEY_UISupportedInterfaceOrientations_iPad = "UIInterfaceOrientationPortrait UIInterfaceOrientationPortraitUpsideDown UIInterfaceOrientationLandscapeLeft UIInterfaceOrientationLandscapeRight";
				INFOPLIST_KEY_UISupportedInterfaceOrientations_iPhone = "UIInterfaceOrientationPortrait UIInterfaceOrientationLandscapeLeft UIInterfaceOrientationLandscapeRight";
				LD_RUNPATH_SEARCH_PATHS = (
					"$(inherited)",
					"@executable_path/Frameworks",
				);
				MARKETING_VERSION = 1.0;
				PRODUCT_BUNDLE_IDENTIFIER = com.sumudu.GymApp;
				PRODUCT_NAME = "$(TARGET_NAME)";
				SWIFT_EMIT_LOC_STRINGS = YES;
				SWIFT_VERSION = 5.0;
				TARGETED_DEVICE_FAMILY = "1,2";
			};
			name = Release;
		};
/* End XCBuildConfiguration section */

/* Begin XCConfigurationList section */
		B2EDFFA72B162A1C007A9C71 /* Build configuration list for PBXProject "GymApp" */ = {
			isa = XCConfigurationList;
			buildConfigurations = (
				B2EDFFB82B162A1E007A9C71 /* Debug */,
				B2EDFFB92B162A1E007A9C71 /* Release */,
			);
			defaultConfigurationIsVisible = 0;
			defaultConfigurationName = Release;
		};
		B2EDFFBA2B162A1E007A9C71 /* Build configuration list for PBXNativeTarget "GymApp" */ = {
			isa = XCConfigurationList;
			buildConfigurations = (
				B2EDFFBB2B162A1E007A9C71 /* Debug */,
				B2EDFFBC2B162A1E007A9C71 /* Release */,
			);
			defaultConfigurationIsVisible = 0;
			defaultConfigurationName = Release;
		};
/* End XCConfigurationList section */
	};
	rootObject = B2EDFFA42B162A1C007A9C71 /* Project object */;
}
